
Microsoft Visual Studio Solution File, Format Version 12.00
# Visual Studio 15
VisualStudioVersion = 15.0.28302.56
MinimumVisualStudioVersion = 10.0.40219.1
Project("{FAE04EC0-301F-11D3-BF4B-00C04F79EFBC}") = "jamiaAPP", "jamiaAPP\jamiaAPP.csproj", "{7F485E25-F012-416A-9BA0-52804847F80F}"
EndProject
Global
	GlobalSection(SolutionConfigurationPlatforms) = preSolution
		Debug|Any CPU = Debug|Any CPU
		Release|Any CPU = Release|Any CPU
	EndGlobalSection
	GlobalSection(ProjectConfigurationPlatforms) = postSolution
		{7F485E25-F012-416A-9BA0-52804847F80F}.Debug|Any CPU.ActiveCfg = Debug|Any CPU
		{7F485E25-F012-416A-9BA0-52804847F80F}.Debug|Any CPU.Build.0 = Debug|Any CPU
		{7F485E25-F012-416A-9BA0-52804847F80F}.Release|Any CPU.ActiveCfg = Release|Any CPU
		{7F485E25-F012-416A-9BA0-52804847F80F}.Release|Any CPU.Build.0 = Release|Any CPU
	EndGlobalSection
	GlobalSection(SolutionProperties) = preSolution
		HideSolutionNode = FALSE
	EndGlobalSection
	GlobalSection(ExtensibilityGlobals) = postSolution
		SolutionGuid = {846055CB-DFE5-4C8E-932F-31781856E2BF}
	EndGlobalSection
EndGlobal
